// !$*UTF8*$!
{
	archiveVersion = 1;
	classes = {
	};
	objectVersion = 46;
	objects = {

/* Begin PBXBuildFile section */
		5541E3A0001E8AB297975212 /* libPods-Jounal.a in Frameworks */ = {isa = PBXBuildFile; fileRef = 526C98838579AB52DC3245FE /* libPods-Jounal.a */; };
		8478281F1B99891C00DDF0F9 /* libsqlite3.0.dylib in Frameworks */ = {isa = PBXBuildFile; fileRef = 8478281D1B99891C00DDF0F9 /* libsqlite3.0.dylib */; };
		847828201B99891C00DDF0F9 /* libsqlite3.dylib in Frameworks */ = {isa = PBXBuildFile; fileRef = 8478281E1B99891C00DDF0F9 /* libsqlite3.dylib */; };
		84DA8FF31B96CB2000BF6942 /* My API.txt in Resources */ = {isa = PBXBuildFile; fileRef = 84DA8FF21B96CB2000BF6942 /* My API.txt */; };
		84DA8FF91B974ADD00BF6942 /* Singleton.m in Sources */ = {isa = PBXBuildFile; fileRef = 84DA8FF81B974ADD00BF6942 /* Singleton.m */; };
		84E7B2A11B79E32A0042EDF4 /* main.m in Sources */ = {isa = PBXBuildFile; fileRef = 84E7B2A01B79E32A0042EDF4 /* main.m */; };
		84E7B2A41B79E32A0042EDF4 /* AppDelegate.m in Sources */ = {isa = PBXBuildFile; fileRef = 84E7B2A31B79E32A0042EDF4 /* AppDelegate.m */; };
		84E7B2A71B79E32A0042EDF4 /* Jounal.xcdatamodeld in Sources */ = {isa = PBXBuildFile; fileRef = 84E7B2A51B79E32A0042EDF4 /* Jounal.xcdatamodeld */; };
		84E7B2AA1B79E32A0042EDF4 /* ViewController.m in Sources */ = {isa = PBXBuildFile; fileRef = 84E7B2A91B79E32A0042EDF4 /* ViewController.m */; };
		84E7B2AD1B79E32A0042EDF4 /* Main.storyboard in Resources */ = {isa = PBXBuildFile; fileRef = 84E7B2AB1B79E32A0042EDF4 /* Main.storyboard */; };
		84E7B2AF1B79E32A0042EDF4 /* Images.xcassets in Resources */ = {isa = PBXBuildFile; fileRef = 84E7B2AE1B79E32A0042EDF4 /* Images.xcassets */; };
		84E7B2B21B79E32A0042EDF4 /* LaunchScreen.xib in Resources */ = {isa = PBXBuildFile; fileRef = 84E7B2B01B79E32A0042EDF4 /* LaunchScreen.xib */; };
		84E7B2BE1B79E32A0042EDF4 /* JounalTests.m in Sources */ = {isa = PBXBuildFile; fileRef = 84E7B2BD1B79E32A0042EDF4 /* JounalTests.m */; };
		84E7B2CA1B79FA380042EDF4 /* HomeViewController.m in Sources */ = {isa = PBXBuildFile; fileRef = 84E7B2C91B79FA380042EDF4 /* HomeViewController.m */; };
		84E7B2CD1B79FA4C0042EDF4 /* ProfileViewController.m in Sources */ = {isa = PBXBuildFile; fileRef = 84E7B2CC1B79FA4C0042EDF4 /* ProfileViewController.m */; };
		84E7B2D01B79FA5C0042EDF4 /* BookMarkViewController.m in Sources */ = {isa = PBXBuildFile; fileRef = 84E7B2CF1B79FA5C0042EDF4 /* BookMarkViewController.m */; };
		84E7B2D31B79FA6E0042EDF4 /* TopStoryViewController.m in Sources */ = {isa = PBXBuildFile; fileRef = 84E7B2D21B79FA6E0042EDF4 /* TopStoryViewController.m */; };
		84E7B2D61B7A11D00042EDF4 /* EricTableViewCell.m in Sources */ = {isa = PBXBuildFile; fileRef = 84E7B2D51B7A11D00042EDF4 /* EricTableViewCell.m */; };
		84E7B2D91B7A142C0042EDF4 /* NextViewController.m in Sources */ = {isa = PBXBuildFile; fileRef = 84E7B2D81B7A142C0042EDF4 /* NextViewController.m */; };
		84E7B2DF1B7A15DD0042EDF4 /* LineActivity.m in Sources */ = {isa = PBXBuildFile; fileRef = 84E7B2DE1B7A15DD0042EDF4 /* LineActivity.m */; };
		84E7B2E21B7A1D530042EDF4 /* TopStoryTableViewCell.m in Sources */ = {isa = PBXBuildFile; fileRef = 84E7B2E11B7A1D530042EDF4 /* TopStoryTableViewCell.m */; };
/* End PBXBuildFile section */

/* Begin PBXContainerItemProxy section */
		84E7B2B81B79E32A0042EDF4 /* PBXContainerItemProxy */ = {
			isa = PBXContainerItemProxy;
			containerPortal = 84E7B2931B79E32A0042EDF4 /* Project object */;
			proxyType = 1;
			remoteGlobalIDString = 84E7B29A1B79E32A0042EDF4;
			remoteInfo = Jounal;
		};
/* End PBXContainerItemProxy section */

/* Begin PBXFileReference section */
		526C98838579AB52DC3245FE /* libPods-Jounal.a */ = {isa = PBXFileReference; explicitFileType = archive.ar; includeInIndex = 0; path = "libPods-Jounal.a"; sourceTree = BUILT_PRODUCTS_DIR; };
		8478281D1B99891C00DDF0F9 /* libsqlite3.0.dylib */ = {isa = PBXFileReference; lastKnownFileType = "compiled.mach-o.dylib"; name = libsqlite3.0.dylib; path = usr/lib/libsqlite3.0.dylib; sourceTree = SDKROOT; };
		8478281E1B99891C00DDF0F9 /* libsqlite3.dylib */ = {isa = PBXFileReference; lastKnownFileType = "compiled.mach-o.dylib"; name = libsqlite3.dylib; path = usr/lib/libsqlite3.dylib; sourceTree = SDKROOT; };
		84DA8FF21B96CB2000BF6942 /* My API.txt */ = {isa = PBXFileReference; fileEncoding = 4; lastKnownFileType = text; name = "My API.txt"; path = "../../Documents/My API.txt"; sourceTree = "<group>"; };
		84DA8FF71B974ADD00BF6942 /* Singleton.h */ = {isa = PBXFileReference; fileEncoding = 4; lastKnownFileType = sourcecode.c.h; path = Singleton.h; sourceTree = "<group>"; };
		84DA8FF81B974ADD00BF6942 /* Singleton.m */ = {isa = PBXFileReference; fileEncoding = 4; lastKnownFileType = sourcecode.c.objc; path = Singleton.m; sourceTree = "<group>"; };
		84E7B29B1B79E32A0042EDF4 /* Jounal.app */ = {isa = PBXFileReference; explicitFileType = wrapper.application; includeInIndex = 0; path = Jounal.app; sourceTree = BUILT_PRODUCTS_DIR; };
		84E7B29F1B79E32A0042EDF4 /* Info.plist */ = {isa = PBXFileReference; lastKnownFileType = text.plist.xml; path = Info.plist; sourceTree = "<group>"; };
		84E7B2A01B79E32A0042EDF4 /* main.m */ = {isa = PBXFileReference; lastKnownFileType = sourcecode.c.objc; path = main.m; sourceTree = "<group>"; };
		84E7B2A21B79E32A0042EDF4 /* AppDelegate.h */ = {isa = PBXFileReference; lastKnownFileType = sourcecode.c.h; path = AppDelegate.h; sourceTree = "<group>"; };
		84E7B2A31B79E32A0042EDF4 /* AppDelegate.m */ = {isa = PBXFileReference; lastKnownFileType = sourcecode.c.objc; path = AppDelegate.m; sourceTree = "<group>"; };
		84E7B2A61B79E32A0042EDF4 /* Jounal.xcdatamodel */ = {isa = PBXFileReference; lastKnownFileType = wrapper.xcdatamodel; path = Jounal.xcdatamodel; sourceTree = "<group>"; };
		84E7B2A81B79E32A0042EDF4 /* ViewController.h */ = {isa = PBXFileReference; lastKnownFileType = sourcecode.c.h; path = ViewController.h; sourceTree = "<group>"; };
		84E7B2A91B79E32A0042EDF4 /* ViewController.m */ = {isa = PBXFileReference; lastKnownFileType = sourcecode.c.objc; path = ViewController.m; sourceTree = "<group>"; };
		84E7B2AC1B79E32A0042EDF4 /* Base */ = {isa = PBXFileReference; lastKnownFileType = file.storyboard; name = Base; path = Base.lproj/Main.storyboard; sourceTree = "<group>"; };
		84E7B2AE1B79E32A0042EDF4 /* Images.xcassets */ = {isa = PBXFileReference; lastKnownFileType = folder.assetcatalog; path = Images.xcassets; sourceTree = "<group>"; };
		84E7B2B11B79E32A0042EDF4 /* Base */ = {isa = PBXFileReference; lastKnownFileType = file.xib; name = Base; path = Base.lproj/LaunchScreen.xib; sourceTree = "<group>"; };
		84E7B2B71B79E32A0042EDF4 /* JounalTests.xctest */ = {isa = PBXFileReference; explicitFileType = wrapper.cfbundle; includeInIndex = 0; path = JounalTests.xctest; sourceTree = BUILT_PRODUCTS_DIR; };
		84E7B2BC1B79E32A0042EDF4 /* Info.plist */ = {isa = PBXFileReference; lastKnownFileType = text.plist.xml; path = Info.plist; sourceTree = "<group>"; };
		84E7B2BD1B79E32A0042EDF4 /* JounalTests.m */ = {isa = PBXFileReference; lastKnownFileType = sourcecode.c.objc; path = JounalTests.m; sourceTree = "<group>"; };
		84E7B2C81B79FA380042EDF4 /* HomeViewController.h */ = {isa = PBXFileReference; fileEncoding = 4; lastKnownFileType = sourcecode.c.h; path = HomeViewController.h; sourceTree = "<group>"; };
		84E7B2C91B79FA380042EDF4 /* HomeViewController.m */ = {isa = PBXFileReference; fileEncoding = 4; lastKnownFileType = sourcecode.c.objc; path = HomeViewController.m; sourceTree = "<group>"; };
		84E7B2CB1B79FA4C0042EDF4 /* ProfileViewController.h */ = {isa = PBXFileReference; fileEncoding = 4; lastKnownFileType = sourcecode.c.h; path = ProfileViewController.h; sourceTree = "<group>"; };
		84E7B2CC1B79FA4C0042EDF4 /* ProfileViewController.m */ = {isa = PBXFileReference; fileEncoding = 4; lastKnownFileType = sourcecode.c.objc; path = ProfileViewController.m; sourceTree = "<group>"; };
		84E7B2CE1B79FA5C0042EDF4 /* BookMarkViewController.h */ = {isa = PBXFileReference; fileEncoding = 4; lastKnownFileType = sourcecode.c.h; name = BookMarkViewController.h; path = Jounal/BookMarkViewController.h; sourceTree = "<group>"; };
		84E7B2CF1B79FA5C0042EDF4 /* BookMarkViewController.m */ = {isa = PBXFileReference; fileEncoding = 4; lastKnownFileType = sourcecode.c.objc; name = BookMarkViewController.m; path = Jounal/BookMarkViewController.m; sourceTree = "<group>"; };
		84E7B2D11B79FA6E0042EDF4 /* TopStoryViewController.h */ = {isa = PBXFileReference; fileEncoding = 4; lastKnownFileType = sourcecode.c.h; path = TopStoryViewController.h; sourceTree = "<group>"; };
		84E7B2D21B79FA6E0042EDF4 /* TopStoryViewController.m */ = {isa = PBXFileReference; fileEncoding = 4; lastKnownFileType = sourcecode.c.objc; path = TopStoryViewController.m; sourceTree = "<group>"; };
		84E7B2D41B7A11D00042EDF4 /* EricTableViewCell.h */ = {isa = PBXFileReference; fileEncoding = 4; lastKnownFileType = sourcecode.c.h; path = EricTableViewCell.h; sourceTree = "<group>"; };
		84E7B2D51B7A11D00042EDF4 /* EricTableViewCell.m */ = {isa = PBXFileReference; fileEncoding = 4; lastKnownFileType = sourcecode.c.objc; path = EricTableViewCell.m; sourceTree = "<group>"; };
		84E7B2D71B7A142C0042EDF4 /* NextViewController.h */ = {isa = PBXFileReference; fileEncoding = 4; lastKnownFileType = sourcecode.c.h; path = NextViewController.h; sourceTree = "<group>"; };
		84E7B2D81B7A142C0042EDF4 /* NextViewController.m */ = {isa = PBXFileReference; fileEncoding = 4; lastKnownFileType = sourcecode.c.objc; path = NextViewController.m; sourceTree = "<group>"; };
		84E7B2DD1B7A15DD0042EDF4 /* LineActivity.h */ = {isa = PBXFileReference; fileEncoding = 4; lastKnownFileType = sourcecode.c.h; path = LineActivity.h; sourceTree = "<group>"; };
		84E7B2DE1B7A15DD0042EDF4 /* LineActivity.m */ = {isa = PBXFileReference; fileEncoding = 4; lastKnownFileType = sourcecode.c.objc; path = LineActivity.m; sourceTree = "<group>"; };
		84E7B2E01B7A1D530042EDF4 /* TopStoryTableViewCell.h */ = {isa = PBXFileReference; fileEncoding = 4; lastKnownFileType = sourcecode.c.h; path = TopStoryTableViewCell.h; sourceTree = "<group>"; };
		84E7B2E11B7A1D530042EDF4 /* TopStoryTableViewCell.m */ = {isa = PBXFileReference; fileEncoding = 4; lastKnownFileType = sourcecode.c.objc; path = TopStoryTableViewCell.m; sourceTree = "<group>"; };
		A1BC7C687A530CE847B7B12F /* Pods-Jounal.release.xcconfig */ = {isa = PBXFileReference; includeInIndex = 1; lastKnownFileType = text.xcconfig; name = "Pods-Jounal.release.xcconfig"; path = "Pods/Target Support Files/Pods-Jounal/Pods-Jounal.release.xcconfig"; sourceTree = "<group>"; };
		D172FEBCF4ECF2C9C5D2E629 /* Pods-Jounal.debug.xcconfig */ = {isa = PBXFileReference; includeInIndex = 1; lastKnownFileType = text.xcconfig; name = "Pods-Jounal.debug.xcconfig"; path = "Pods/Target Support Files/Pods-Jounal/Pods-Jounal.debug.xcconfig"; sourceTree = "<group>"; };
/* End PBXFileReference section */

/* Begin PBXFrameworksBuildPhase section */
		84E7B2981B79E32A0042EDF4 /* Frameworks */ = {
			isa = PBXFrameworksBuildPhase;
			buildActionMask = 2147483647;
			files = (
				8478281F1B99891C00DDF0F9 /* libsqlite3.0.dylib in Frameworks */,
				847828201B99891C00DDF0F9 /* libsqlite3.dylib in Frameworks */,
				5541E3A0001E8AB297975212 /* libPods-Jounal.a in Frameworks */,
			);
			runOnlyForDeploymentPostprocessing = 0;
		};
		84E7B2B41B79E32A0042EDF4 /* Frameworks */ = {
			isa = PBXFrameworksBuildPhase;
			buildActionMask = 2147483647;
			files = (
			);
			runOnlyForDeploymentPostprocessing = 0;
		};
/* End PBXFrameworksBuildPhase section */

/* Begin PBXGroup section */
		84E7B2921B79E32A0042EDF4 = {
			isa = PBXGroup;
			children = (
				84DA8FF71B974ADD00BF6942 /* Singleton.h */,
				84DA8FF81B974ADD00BF6942 /* Singleton.m */,
				84E7B2E01B7A1D530042EDF4 /* TopStoryTableViewCell.h */,
				84E7B2E11B7A1D530042EDF4 /* TopStoryTableViewCell.m */,
				84E7B2DD1B7A15DD0042EDF4 /* LineActivity.h */,
				84E7B2DE1B7A15DD0042EDF4 /* LineActivity.m */,
				84E7B2D71B7A142C0042EDF4 /* NextViewController.h */,
				84E7B2D81B7A142C0042EDF4 /* NextViewController.m */,
				84E7B2D41B7A11D00042EDF4 /* EricTableViewCell.h */,
				84E7B2D51B7A11D00042EDF4 /* EricTableViewCell.m */,
				84E7B2C71B79FA170042EDF4 /* Tab Group */,
				84E7B29D1B79E32A0042EDF4 /* Jounal */,
				84E7B2BA1B79E32A0042EDF4 /* JounalTests */,
				84E7B29C1B79E32A0042EDF4 /* Products */,
				F81DE17EB2E4D630CB75DA36 /* Pods */,
				CD7EA34AF105344A2625F69F /* Frameworks */,
			);
			sourceTree = "<group>";
		};
		84E7B29C1B79E32A0042EDF4 /* Products */ = {
			isa = PBXGroup;
			children = (
				84E7B29B1B79E32A0042EDF4 /* Jounal.app */,
				84E7B2B71B79E32A0042EDF4 /* JounalTests.xctest */,
			);
			name = Products;
			sourceTree = "<group>";
		};
		84E7B29D1B79E32A0042EDF4 /* Jounal */ = {
			isa = PBXGroup;
			children = (
				84E7B2A21B79E32A0042EDF4 /* AppDelegate.h */,
				84E7B2A31B79E32A0042EDF4 /* AppDelegate.m */,
				84E7B2A81B79E32A0042EDF4 /* ViewController.h */,
				84E7B2A91B79E32A0042EDF4 /* ViewController.m */,
				84E7B2AB1B79E32A0042EDF4 /* Main.storyboard */,
				84E7B2AE1B79E32A0042EDF4 /* Images.xcassets */,
				84E7B2B01B79E32A0042EDF4 /* LaunchScreen.xib */,
				84E7B2A51B79E32A0042EDF4 /* Jounal.xcdatamodeld */,
				84E7B29E1B79E32A0042EDF4 /* Supporting Files */,
			);
			path = Jounal;
			sourceTree = "<group>";
		};
		84E7B29E1B79E32A0042EDF4 /* Supporting Files */ = {
			isa = PBXGroup;
			children = (
				84E7B29F1B79E32A0042EDF4 /* Info.plist */,
				84E7B2A01B79E32A0042EDF4 /* main.m */,
			);
			name = "Supporting Files";
			sourceTree = "<group>";
		};
		84E7B2BA1B79E32A0042EDF4 /* JounalTests */ = {
			isa = PBXGroup;
			children = (
				84E7B2BD1B79E32A0042EDF4 /* JounalTests.m */,
				84E7B2BB1B79E32A0042EDF4 /* Supporting Files */,
			);
			path = JounalTests;
			sourceTree = "<group>";
		};
		84E7B2BB1B79E32A0042EDF4 /* Supporting Files */ = {
			isa = PBXGroup;
			children = (
				84E7B2BC1B79E32A0042EDF4 /* Info.plist */,
			);
			name = "Supporting Files";
			sourceTree = "<group>";
		};
		84E7B2C71B79FA170042EDF4 /* Tab Group */ = {
			isa = PBXGroup;
			children = (
				84E7B2D11B79FA6E0042EDF4 /* TopStoryViewController.h */,
				84E7B2D21B79FA6E0042EDF4 /* TopStoryViewController.m */,
				84E7B2CE1B79FA5C0042EDF4 /* BookMarkViewController.h */,
				84E7B2CF1B79FA5C0042EDF4 /* BookMarkViewController.m */,
				84DA8FF21B96CB2000BF6942 /* My API.txt */,
				84E7B2CB1B79FA4C0042EDF4 /* ProfileViewController.h */,
				84E7B2CC1B79FA4C0042EDF4 /* ProfileViewController.m */,
				84E7B2C81B79FA380042EDF4 /* HomeViewController.h */,
				84E7B2C91B79FA380042EDF4 /* HomeViewController.m */,
			);
			name = "Tab Group";
			sourceTree = "<group>";
		};
		CD7EA34AF105344A2625F69F /* Frameworks */ = {
			isa = PBXGroup;
			children = (
				8478281D1B99891C00DDF0F9 /* libsqlite3.0.dylib */,
				8478281E1B99891C00DDF0F9 /* libsqlite3.dylib */,
				526C98838579AB52DC3245FE /* libPods-Jounal.a */,
			);
			name = Frameworks;
			sourceTree = "<group>";
		};
		F81DE17EB2E4D630CB75DA36 /* Pods */ = {
			isa = PBXGroup;
			children = (
				D172FEBCF4ECF2C9C5D2E629 /* Pods-Jounal.debug.xcconfig */,
				A1BC7C687A530CE847B7B12F /* Pods-Jounal.release.xcconfig */,
			);
			name = Pods;
			sourceTree = "<group>";
		};
/* End PBXGroup section */

/* Begin PBXNativeTarget section */
		84E7B29A1B79E32A0042EDF4 /* Jounal */ = {
			isa = PBXNativeTarget;
			buildConfigurationList = 84E7B2C11B79E32A0042EDF4 /* Build configuration list for PBXNativeTarget "Jounal" */;
			buildPhases = (
				5D5B515CB7889D10ADC538E1 /* Check Pods Manifest.lock */,
				84E7B2971B79E32A0042EDF4 /* Sources */,
				84E7B2981B79E32A0042EDF4 /* Frameworks */,
				84E7B2991B79E32A0042EDF4 /* Resources */,
				B594916D67B8F8182EE2B873 /* Copy Pods Resources */,
			);
			buildRules = (
			);
			dependencies = (
			);
			name = Jounal;
			productName = Jounal;
			productReference = 84E7B29B1B79E32A0042EDF4 /* Jounal.app */;
			productType = "com.apple.product-type.application";
		};
		84E7B2B61B79E32A0042EDF4 /* JounalTests */ = {
			isa = PBXNativeTarget;
			buildConfigurationList = 84E7B2C41B79E32A0042EDF4 /* Build configuration list for PBXNativeTarget "JounalTests" */;
			buildPhases = (
				84E7B2B31B79E32A0042EDF4 /* Sources */,
				84E7B2B41B79E32A0042EDF4 /* Frameworks */,
				84E7B2B51B79E32A0042EDF4 /* Resources */,
			);
			buildRules = (
			);
			dependencies = (
				84E7B2B91B79E32A0042EDF4 /* PBXTargetDependency */,
			);
			name = JounalTests;
			productName = JounalTests;
			productReference = 84E7B2B71B79E32A0042EDF4 /* JounalTests.xctest */;
			productType = "com.apple.product-type.bundle.unit-test";
		};
/* End PBXNativeTarget section */

/* Begin PBXProject section */
		84E7B2931B79E32A0042EDF4 /* Project object */ = {
			isa = PBXProject;
			attributes = {
				LastUpgradeCheck = 0640;
				ORGANIZATIONNAME = yishain;
				TargetAttributes = {
					84E7B29A1B79E32A0042EDF4 = {
						CreatedOnToolsVersion = 6.4;
					};
					84E7B2B61B79E32A0042EDF4 = {
						CreatedOnToolsVersion = 6.4;
						TestTargetID = 84E7B29A1B79E32A0042EDF4;
					};
				};
			};
			buildConfigurationList = 84E7B2961B79E32A0042EDF4 /* Build configuration list for PBXProject "Jounal" */;
			compatibilityVersion = "Xcode 3.2";
			developmentRegion = English;
			hasScannedForEncodings = 0;
			knownRegions = (
				en,
				Base,
			);
			mainGroup = 84E7B2921B79E32A0042EDF4;
			productRefGroup = 84E7B29C1B79E32A0042EDF4 /* Products */;
			projectDirPath = "";
			projectRoot = "";
			targets = (
				84E7B29A1B79E32A0042EDF4 /* Jounal */,
				84E7B2B61B79E32A0042EDF4 /* JounalTests */,
			);
		};
/* End PBXProject section */

/* Begin PBXResourcesBuildPhase section */
		84E7B2991B79E32A0042EDF4 /* Resources */ = {
			isa = PBXResourcesBuildPhase;
			buildActionMask = 2147483647;
			files = (
				84DA8FF31B96CB2000BF6942 /* My API.txt in Resources */,
				84E7B2AD1B79E32A0042EDF4 /* Main.storyboard in Resources */,
				84E7B2B21B79E32A0042EDF4 /* LaunchScreen.xib in Resources */,
				84E7B2AF1B79E32A0042EDF4 /* Images.xcassets in Resources */,
			);
			runOnlyForDeploymentPostprocessing = 0;
		};
		84E7B2B51B79E32A0042EDF4 /* Resources */ = {
			isa = PBXResourcesBuildPhase;
			buildActionMask = 2147483647;
			files = (
			);
			runOnlyForDeploymentPostprocessing = 0;
		};
/* End PBXResourcesBuildPhase section */

/* Begin PBXShellScriptBuildPhase section */
		5D5B515CB7889D10ADC538E1 /* Check Pods Manifest.lock */ = {
			isa = PBXShellScriptBuildPhase;
			buildActionMask = 2147483647;
			files = (
			);
			inputPaths = (
			);
			name = "Check Pods Manifest.lock";
			outputPaths = (
			);
			runOnlyForDeploymentPostprocessing = 0;
			shellPath = /bin/sh;
			shellScript = "diff \"${PODS_ROOT}/../Podfile.lock\" \"${PODS_ROOT}/Manifest.lock\" > /dev/null\nif [[ $? != 0 ]] ; then\n    cat << EOM\nerror: The sandbox is not in sync with the Podfile.lock. Run 'pod install' or update your CocoaPods installation.\nEOM\n    exit 1\nfi\n";
			showEnvVarsInLog = 0;
		};
		B594916D67B8F8182EE2B873 /* Copy Pods Resources */ = {
			isa = PBXShellScriptBuildPhase;
			buildActionMask = 2147483647;
			files = (
			);
			inputPaths = (
			);
			name = "Copy Pods Resources";
			outputPaths = (
			);
			runOnlyForDeploymentPostprocessing = 0;
			shellPath = /bin/sh;
			shellScript = "\"${SRCROOT}/Pods/Target Support Files/Pods-Jounal/Pods-Jounal-resources.sh\"\n";
			showEnvVarsInLog = 0;
		};
/* End PBXShellScriptBuildPhase section */

/* Begin PBXSourcesBuildPhase section */
		84E7B2971B79E32A0042EDF4 /* Sources */ = {
			isa = PBXSourcesBuildPhase;
			buildActionMask = 2147483647;
			files = (
				84DA8FF91B974ADD00BF6942 /* Singleton.m in Sources */,
				84E7B2A41B79E32A0042EDF4 /* AppDelegate.m in Sources */,
				84E7B2A71B79E32A0042EDF4 /* Jounal.xcdatamodeld in Sources */,
				84E7B2AA1B79E32A0042EDF4 /* ViewController.m in Sources */,
				84E7B2D01B79FA5C0042EDF4 /* BookMarkViewController.m in Sources */,
				84E7B2CA1B79FA380042EDF4 /* HomeViewController.m in Sources */,
				84E7B2E21B7A1D530042EDF4 /* TopStoryTableViewCell.m in Sources */,
				84E7B2D91B7A142C0042EDF4 /* NextViewController.m in Sources */,
				84E7B2D61B7A11D00042EDF4 /* EricTableViewCell.m in Sources */,
				84E7B2CD1B79FA4C0042EDF4 /* ProfileViewController.m in Sources */,
				84E7B2D31B79FA6E0042EDF4 /* TopStoryViewController.m in Sources */,
				84E7B2DF1B7A15DD0042EDF4 /* LineActivity.m in Sources */,
				84E7B2A11B79E32A0042EDF4 /* main.m in Sources */,
			);
			runOnlyForDeploymentPostprocessing = 0;
		};
		84E7B2B31B79E32A0042EDF4 /* Sources */ = {
			isa = PBXSourcesBuildPhase;
			buildActionMask = 2147483647;
			files = (
				84E7B2BE1B79E32A0042EDF4 /* JounalTests.m in Sources */,
			);
			runOnlyForDeploymentPostprocessing = 0;
		};
/* End PBXSourcesBuildPhase section */

/* Begin PBXTargetDependency section */
		84E7B2B91B79E32A0042EDF4 /* PBXTargetDependency */ = {
			isa = PBXTargetDependency;
			target = 84E7B29A1B79E32A0042EDF4 /* Jounal */;
			targetProxy = 84E7B2B81B79E32A0042EDF4 /* PBXContainerItemProxy */;
		};
/* End PBXTargetDependency section */

/* Begin PBXVariantGroup section */
		84E7B2AB1B79E32A0042EDF4 /* Main.storyboard */ = {
			isa = PBXVariantGroup;
			children = (
				84E7B2AC1B79E32A0042EDF4 /* Base */,
			);
			name = Main.storyboard;
			sourceTree = "<group>";
		};
		84E7B2B01B79E32A0042EDF4 /* LaunchScreen.xib */ = {
			isa = PBXVariantGroup;
			children = (
				84E7B2B11B79E32A0042EDF4 /* Base */,
			);
			name = LaunchScreen.xib;
			sourceTree = "<group>";
		};
/* End PBXVariantGroup section */

/* Begin XCBuildConfiguration section */
		84E7B2BF1B79E32A0042EDF4 /* Debug */ = {
			isa = XCBuildConfiguration;
			buildSettings = {
				ALWAYS_SEARCH_USER_PATHS = NO;
				CLANG_CXX_LANGUAGE_STANDARD = "gnu++0x";
				CLANG_CXX_LIBRARY = "libc++";
				CLANG_ENABLE_MODULES = YES;
				CLANG_ENABLE_OBJC_ARC = YES;
				CLANG_WARN_BOOL_CONVERSION = YES;
				CLANG_WARN_CONSTANT_CONVERSION = YES;
				CLANG_WARN_DIRECT_OBJC_ISA_USAGE = YES_ERROR;
				CLANG_WARN_EMPTY_BODY = YES;
				CLANG_WARN_ENUM_CONVERSION = YES;
				CLANG_WARN_INT_CONVERSION = YES;
				CLANG_WARN_OBJC_ROOT_CLASS = YES_ERROR;
				CLANG_WARN_UNREACHABLE_CODE = YES;
				CLANG_WARN__DUPLICATE_METHOD_MATCH = YES;
				"CODE_SIGN_IDENTITY[sdk=iphoneos*]" = "iPhone Developer";
				COPY_PHASE_STRIP = NO;
				DEBUG_INFORMATION_FORMAT = "dwarf-with-dsym";
				ENABLE_STRICT_OBJC_MSGSEND = YES;
				GCC_C_LANGUAGE_STANDARD = gnu99;
				GCC_DYNAMIC_NO_PIC = NO;
				GCC_NO_COMMON_BLOCKS = YES;
				GCC_OPTIMIZATION_LEVEL = 0;
				GCC_PREPROCESSOR_DEFINITIONS = (
					"DEBUG=1",
					"$(inherited)",
				);
				GCC_SYMBOLS_PRIVATE_EXTERN = NO;
				GCC_WARN_64_TO_32_BIT_CONVERSION = YES;
				GCC_WARN_ABOUT_RETURN_TYPE = YES_ERROR;
				GCC_WARN_UNDECLARED_SELECTOR = YES;
				GCC_WARN_UNINITIALIZED_AUTOS = YES_AGGRESSIVE;
				GCC_WARN_UNUSED_FUNCTION = YES;
				GCC_WARN_UNUSED_VARIABLE = YES;
				IPHONEOS_DEPLOYMENT_TARGET = 8.4;
				MTL_ENABLE_DEBUG_INFO = YES;
				ONLY_ACTIVE_ARCH = YES;
				SDKROOT = iphoneos;
				TARGETED_DEVICE_FAMILY = "1,2";
			};
			name = Debug;
		};
		84E7B2C01B79E32A0042EDF4 /* Release */ = {
			isa = XCBuildConfiguration;
			buildSettings = {
				ALWAYS_SEARCH_USER_PATHS = NO;
				CLANG_CXX_LANGUAGE_STANDARD = "gnu++0x";
				CLANG_CXX_LIBRARY = "libc++";
				CLANG_ENABLE_MODULES = YES;
				CLANG_ENABLE_OBJC_ARC = YES;
				CLANG_WARN_BOOL_CONVERSION = YES;
				CLANG_WARN_CONSTANT_CONVERSION = YES;
				CLANG_WARN_DIRECT_OBJC_ISA_USAGE = YES_ERROR;
				CLANG_WARN_EMPTY_BODY = YES;
				CLANG_WARN_ENUM_CONVERSION = YES;
				CLANG_WARN_INT_CONVERSION = YES;
				CLANG_WARN_OBJC_ROOT_CLASS = YES_ERROR;
				CLANG_WARN_UNREACHABLE_CODE = YES;
				CLANG_WARN__DUPLICATE_METHOD_MATCH = YES;
				"CODE_SIGN_IDENTITY[sdk=iphoneos*]" = "iPhone Developer";
				COPY_PHASE_STRIP = NO;
				DEBUG_INFORMATION_FORMAT = "dwarf-with-dsym";
				ENABLE_NS_ASSERTIONS = NO;
				ENABLE_STRICT_OBJC_MSGSEND = YES;
				GCC_C_LANGUAGE_STANDARD = gnu99;
				GCC_NO_COMMON_BLOCKS = YES;
				GCC_WARN_64_TO_32_BIT_CONVERSION = YES;
				GCC_WARN_ABOUT_RETURN_TYPE = YES_ERROR;
				GCC_WARN_UNDECLARED_SELECTOR = YES;
				GCC_WARN_UNINITIALIZED_AUTOS = YES_AGGRESSIVE;
				GCC_WARN_UNUSED_FUNCTION = YES;
				GCC_WARN_UNUSED_VARIABLE = YES;
				IPHONEOS_DEPLOYMENT_TARGET = 8.4;
				MTL_ENABLE_DEBUG_INFO = NO;
				SDKROOT = iphoneos;
				TARGETED_DEVICE_FAMILY = "1,2";
				VALIDATE_PRODUCT = YES;
			};
			name = Release;
		};
		84E7B2C21B79E32A0042EDF4 /* Debug */ = {
			isa = XCBuildConfiguration;
			baseConfigurationReference = D172FEBCF4ECF2C9C5D2E629 /* Pods-Jounal.debug.xcconfig */;
			buildSettings = {
				ASSETCATALOG_COMPILER_APPICON_NAME = AppIcon;
				INFOPLIST_FILE = Jounal/Info.plist;
				LD_RUNPATH_SEARCH_PATHS = "$(inherited) @executable_path/Frameworks";
				PRODUCT_NAME = "$(TARGET_NAME)";
			};
			name = Debug;
		};
		84E7B2C31B79E32A0042EDF4 /* Release */ = {
			isa = XCBuildConfiguration;
			baseConfigurationReference = A1BC7C687A530CE847B7B12F /* Pods-Jounal.release.xcconfig */;
			buildSettings = {
				ASSETCATALOG_COMPILER_APPICON_NAME = AppIcon;
				INFOPLIST_FILE = Jounal/Info.plist;
				LD_RUNPATH_SEARCH_PATHS = "$(inherited) @executable_path/Frameworks";
				PRODUCT_NAME = "$(TARGET_NAME)";
			};
			name = Release;
		};
		84E7B2C51B79E32A0042EDF4 /* Debug */ = {
			isa = XCBuildConfiguration;
			buildSettings = {
				BUNDLE_LOADER = "$(TEST_HOST)";
				FRAMEWORK_SEARCH_PATHS = (
					"$(SDKROOT)/Developer/Library/Frameworks",
					"$(inherited)",
				);
				GCC_PREPROCESSOR_DEFINITIONS = (
					"DEBUG=1",
					"$(inherited)",
				);
				INFOPLIST_FILE = JounalTests/Info.plist;
				LD_RUNPATH_SEARCH_PATHS = "$(inherited) @executable_path/Frameworks @loader_path/Frameworks";
				PRODUCT_NAME = "$(TARGET_NAME)";
				TEST_HOST = "$(BUILT_PRODUCTS_DIR)/Jounal.app/Jounal";
			};
			name = Debug;
		};
		84E7B2C61B79E32A0042EDF4 /* Release */ = {
			isa = XCBuildConfiguration;
			buildSettings = {
				BUNDLE_LOADER = "$(TEST_HOST)";
				FRAMEWORK_SEARCH_PATHS = (
					"$(SDKROOT)/Developer/Library/Frameworks",
					"$(inherited)",
				);
				INFOPLIST_FILE = JounalTests/Info.plist;
				LD_RUNPATH_SEARCH_PATHS = "$(inherited) @executable_path/Frameworks @loader_path/Frameworks";
				PRODUCT_NAME = "$(TARGET_NAME)";
				TEST_HOST = "$(BUILT_PRODUCTS_DIR)/Jounal.app/Jounal";
			};
			name = Release;
		};
/* End XCBuildConfiguration section */

/* Begin XCConfigurationList section */
		84E7B2961B79E32A0042EDF4 /* Build configuration list for PBXProject "Jounal" */ = {
			isa = XCConfigurationList;
			buildConfigurations = (
				84E7B2BF1B79E32A0042EDF4 /* Debug */,
				84E7B2C01B79E32A0042EDF4 /* Release */,
			);
			defaultConfigurationIsVisible = 0;
			defaultConfigurationName = Release;
		};
		84E7B2C11B79E32A0042EDF4 /* Build configuration list for PBXNativeTarget "Jounal" */ = {
			isa = XCConfigurationList;
			buildConfigurations = (
				84E7B2C21B79E32A0042EDF4 /* Debug */,
				84E7B2C31B79E32A0042EDF4 /* Release */,
			);
			defaultConfigurationIsVisible = 0;
			defaultConfigurationName = Release;
		};
		84E7B2C41B79E32A0042EDF4 /* Build configuration list for PBXNativeTarget "JounalTests" */ = {
			isa = XCConfigurationList;
			buildConfigurations = (
				84E7B2C51B79E32A0042EDF4 /* Debug */,
				84E7B2C61B79E32A0042EDF4 /* Release */,
			);
			defaultConfigurationIsVisible = 0;
			defaultConfigurationName = Release;
		};
/* End XCConfigurationList section */

/* Begin XCVersionGroup section */
		84E7B2A51B79E32A0042EDF4 /* Jounal.xcdatamodeld */ = {
			isa = XCVersionGroup;
			children = (
				84E7B2A61B79E32A0042EDF4 /* Jounal.xcdatamodel */,
			);
			currentVersion = 84E7B2A61B79E32A0042EDF4 /* Jounal.xcdatamodel */;
			path = Jounal.xcdatamodeld;
			sourceTree = "<group>";
			versionGroupType = wrapper.xcdatamodel;
		};
/* End XCVersionGroup section */
	};
	rootObject = 84E7B2931B79E32A0042EDF4 /* Project object */;
}
